{
  "name": "node-js",
  "version": "1.0.0",
  "lockfileVersion": 3,
  "requires": true,
  "packages": {
    "": {
      "name": "node-js",
      "version": "1.0.0",
      "license": "ISC",
      "dependencies": {
        "colorful-consoles": "^1.0.2"
      }
    },
    "node_modules/colorful-consoles": {
      "version": "1.0.2",
      "resolved": "https://registry.npmjs.org/colorful-consoles/-/colorful-consoles-1.0.2.tgz",
      "integrity": "sha512-nfqS75HDrVye6M4+3/z1LxwJRGSyjLMewKPFAfNhV4/Uz1cp3NqpSVljZ1YbuQwNuW2c1l30gh7n/KlCosYFjA=="
    }
  }
}
